{"SurveyEntry":{"SurveyID":"SV_2gI77ucHnkzYAwS","SurveyName":"Thesis Main Survey","SurveyDescription":null,"SurveyOwnerID":"UR_9TbDAQeLx66XgQS","SurveyBrandID":"northwestern","DivisionID":null,"SurveyLanguage":"EN","SurveyActiveResponseSet":"RS_bw0VOVuwKPY7Iy2","SurveyStatus":"Active","SurveyStartDate":"0000-00-00 00:00:00","SurveyExpirationDate":"0000-00-00 00:00:00","SurveyCreationDate":"2025-11-23 16:34:05","CreatorID":"UR_9TbDAQeLx66XgQS","LastModified":"2026-06-04 21:37:34","LastAccessed":"0000-00-00 00:00:00","LastActivated":"2025-12-21 13:19:24","Deleted":null},"SurveyElements":[{"SurveyID":"SV_2gI77ucHnkzYAwS","Element":"BL","PrimaryAttribute":"Survey Blocks","SecondaryAttribute":null,"TertiaryAttribute":null,"Payload":{"0":{"Type":"Default","Description":"Intro Block","ID":"BL_aVlKf75J6Ch8GEK","BlockElements":[{"Type":"Question","QuestionID":"QID3"},{"Type":"Page Break"}],"Options":{"BlockLocking":"false","RandomizeQuestions":"false","BlockVisibility":"Expanded"}},"1":{"Type":"Trash","Description":"Trash \/ Unused Questions","ID":"BL_6zBCVYnp9XwZdJ4","BlockElements":[{"Type":"Question","QuestionID":"QID11"},{"Type":"Question","QuestionID":"QID12"},{"Type":"Question","QuestionID":"QID59"}]},"2":{"Type":"Standard","SubType":"","Description":"Block 1","ID":"BL_e9HLT2ekY6n0FtY","BlockElements":[{"Type":"Question","QuestionID":"QID4"},{"Type":"Question","QuestionID":"QID5"},{"Type":"Question","QuestionID":"QID6"},{"Type":"Question","QuestionID":"QID7"}]},"6":{"Type":"Standard","SubType":"","Description":"Block 5","ID":"BL_dnJfN8jaZjLiKQ6","BlockElements":[{"Type":"Question","QuestionID":"QID8"},{"Type":"Question","QuestionID":"QID10"}]},"9":{"Type":"Standard","SubType":"","Description":"Block 8","ID":"BL_9z8FlrOPyhBBObs","BlockElements":[{"Type":"Question","QuestionID":"QID20"},{"Type":"Question","QuestionID":"QID45"},{"Type":"Question","QuestionID":"QID21"},{"Type":"Question","QuestionID":"QID46"}]},"10":{"Type":"Standard","SubType":"","Description":"Block 9","ID":"BL_cHqr7cXGrtiqhN4","BlockElements":[{"Type":"Question","QuestionID":"QID22"},{"Type":"Question","QuestionID":"QID23"},{"Type":"Question","QuestionID":"QID24"},{"Type":"Question","QuestionID":"QID26"},{"Type":"Question","QuestionID":"QID25"},{"Type":"Question","QuestionID":"QID27"}]},"11":{"Type":"Standard","SubType":"","Description":"Branching Block","ID":"BL_9NaE2GBbK5ff2Qu","BlockElements":[{"Type":"Question","QuestionID":"QID55"},{"Type":"Question","QuestionID":"QID56"},{"Type":"Question","QuestionID":"QID29"}]},"12":{"Type":"Standard","SubType":"","Description":"Optional Block","ID":"BL_5hEr58ed1tQvpwa","BlockElements":[{"Type":"Question","QuestionID":"QID31"},{"Type":"Question","QuestionID":"QID32"},{"Type":"Question","QuestionID":"QID33"},{"Type":"Question","QuestionID":"QID34"},{"Type":"Question","QuestionID":"QID36"},{"Type":"Question","QuestionID":"QID37"}]},"14":{"Type":"Standard","SubType":"","Description":"Anonymity Section - NEW - 2","ID":"BL_89e0MAkQXnXEr7E","BlockElements":[{"Type":"Question","QuestionID":"QID47"},{"Type":"Question","QuestionID":"QID48"},{"Type":"Question","QuestionID":"QID53"},{"Type":"Question","QuestionID":"QID49"},{"Type":"Question","QuestionID":"QID50"},{"Type":"Question","QuestionID":"QID51"},{"Type":"Question","QuestionID":"QID52"},{"Type":"Question","QuestionID":"QID57"}]},"15":{"Type":"Standard","SubType":"","Description":"Consent Block","ID":"BL_9Lx6cdc4Z48rmR0","BlockElements":[{"Type":"Question","QuestionID":"QID58"}]}}},{"SurveyID":"SV_2gI77ucHnkzYAwS","Element":"FL","PrimaryAttribute":"Survey Flow","SecondaryAttribute":null,"TertiaryAttribute":null,"Payload":{"Type":"Root","FlowID":"FL_1","Flow":[{"Type":"Block","ID":"BL_aVlKf75J6Ch8GEK","FlowID":"FL_2","Autofill":[]},{"ID":"BL_9Lx6cdc4Z48rmR0","Type":"Standard","FlowID":"FL_53"},{"Type":"Standard","ID":"BL_e9HLT2ekY6n0FtY","FlowID":"FL_3","Autofill":[]},{"Type":"Standard","ID":"BL_dnJfN8jaZjLiKQ6","FlowID":"FL_7","Autofill":[]},{"Type":"BlockRandomizer","FlowID":"FL_39","SubSet":5,"EvenPresentation":true,"Flow":[{"Type":"EmbeddedData","FlowID":"FL_44","EmbeddedData":[{"Description":"HAVE_SYMBOL","Type":"Custom","Field":"HAVE_SYMBOL","VariableType":"String","DataVisibility":[],"AnalyzeText":false,"Value":"UPPERCASE LETTER"},{"Description":"HAVE_NOT_SYMBOL","Type":"Custom","Field":"HAVE_NOT_SYMBOL","VariableType":"String","DataVisibility":[],"AnalyzeText":false,"Value":"COLOR"},{"Description":"CODE_ID","Type":"Custom","Field":"CODE_ID","VariableType":"String","DataVisibility":[],"AnalyzeText":false,"Value":"1"}]},{"Type":"EmbeddedData","FlowID":"FL_47","EmbeddedData":[{"Description":"HAVE_SYMBOL","Type":"Custom","Field":"HAVE_SYMBOL","VariableType":"String","DataVisibility":[],"AnalyzeText":false,"Value":"COLOR"},{"Description":"HAVE_NOT_SYMBOL","Type":"Custom","Field":"HAVE_NOT_SYMBOL","VariableType":"String","DataVisibility":[],"AnalyzeText":false,"Value":"LOWERCASE LETTER"},{"Description":"CODE_ID","Type":"Custom","Field":"CODE_ID","VariableType":"String","DataVisibility":[],"AnalyzeText":false,"Value":"2"}]},{"Type":"EmbeddedData","FlowID":"FL_46","EmbeddedData":[{"Description":"HAVE_SYMBOL","Type":"Custom","Field":"HAVE_SYMBOL","VariableType":"String","DataVisibility":[],"AnalyzeText":false,"Value":"EVEN NUMBER"},{"Description":"HAVE_NOT_SYMBOL","Type":"Custom","Field":"HAVE_NOT_SYMBOL","VariableType":"String","DataVisibility":[],"AnalyzeText":false,"Value":"ODD NUMBER"},{"Description":"CODE_ID","Type":"Custom","Field":"CODE_ID","VariableType":"String","DataVisibility":[],"AnalyzeText":false,"Value":"3"}]},{"Type":"EmbeddedData","FlowID":"FL_45","EmbeddedData":[{"Description":"HAVE_SYMBOL","Type":"Custom","Field":"HAVE_SYMBOL","VariableType":"String","DataVisibility":[],"AnalyzeText":false,"Value":"ODD NUMBER"},{"Description":"HAVE_NOT_SYMBOL","Type":"Custom","Field":"HAVE_NOT_SYMBOL","VariableType":"String","DataVisibility":[],"AnalyzeText":false,"Value":"UPPERCASE LETTER"},{"Description":"CODE_ID","Type":"Custom","Field":"CODE_ID","VariableType":"String","DataVisibility":[],"AnalyzeText":false,"Value":"4"}]},{"Type":"EmbeddedData","FlowID":"FL_48","EmbeddedData":[{"Description":"HAVE_SYMBOL","Type":"Custom","Field":"HAVE_SYMBOL","VariableType":"String","DataVisibility":[],"AnalyzeText":false,"Value":"LOWERCASE LETTER"},{"Description":"HAVE_NOT_SYMBOL","Type":"Custom","Field":"HAVE_NOT_SYMBOL","VariableType":"String","DataVisibility":[],"AnalyzeText":false,"Value":"EVEN NUMBER"},{"Description":"CODE_ID","Type":"Custom","Field":"CODE_ID","VariableType":"String","DataVisibility":[],"AnalyzeText":false,"Value":"5"}]}]},{"Type":"Standard","ID":"BL_89e0MAkQXnXEr7E","FlowID":"FL_38","Autofill":[]},{"Type":"Standard","ID":"BL_9z8FlrOPyhBBObs","FlowID":"FL_23","Autofill":[]},{"Type":"Standard","ID":"BL_cHqr7cXGrtiqhN4","FlowID":"FL_24","Autofill":[]},{"Type":"Standard","ID":"BL_9NaE2GBbK5ff2Qu","FlowID":"FL_25","Autofill":[]},{"Type":"Branch","FlowID":"FL_27","Description":"New Branch","BranchLogic":{"0":{"0":{"LogicType":"Question","QuestionID":"QID29","QuestionIsInLoop":"no","ChoiceLocator":"q:\/\/QID29\/SelectableChoice\/1","Operator":"Selected","QuestionIDFromLocator":"QID29","LeftOperand":"q:\/\/QID29\/SelectableChoice\/1","Type":"Expression","Description":"<span class=\"ConjDesc\">If<\/span> <span class=\"QuestionDesc\">This is the end of the required section. If you would like to provide some additional insight, th...<\/span> <span class=\"LeftOpDesc\">Yes, continue<\/span> <span class=\"OpDesc\">Is Selected<\/span> "},"Type":"If"},"Type":"BooleanExpression"},"Flow":[{"Type":"Standard","ID":"BL_5hEr58ed1tQvpwa","FlowID":"FL_26","Autofill":[]},{"Type":"Branch","FlowID":"FL_51","Description":"New Branch","BranchLogic":{"0":{"0":{"LogicType":"Question","QuestionID":"QID56","QuestionIsInLoop":"no","ChoiceLocator":"q:\/\/QID56\/SelectableChoice\/1","Operator":"Selected","QuestionIDFromLocator":"QID56","LeftOperand":"q:\/\/QID56\/SelectableChoice\/1","Type":"Expression","Description":"<span class=\"ConjDesc\">If<\/span> <span class=\"QuestionDesc\">Would you like to enter into the raffle to win a prize? Your answers will still remain anonymous....<\/span> <span class=\"LeftOpDesc\">Yes, I would like to enter the raffle.<\/span> <span class=\"OpDesc\">Is Selected<\/span> "},"Type":"If"},"Type":"BooleanExpression"},"Flow":[{"Type":"EndSurvey","FlowID":"FL_49","EndingType":"Advanced","Options":{"Advanced":"true","SurveyTermination":"Redirect","EOSRedirectURL":"https:\/\/northwestern.az1.qualtrics.com\/jfe\/form\/SV_bjtSRJQjF0FlMOi","ResponseFlag":"Complete"}}]}]},{"Type":"Branch","FlowID":"FL_50","Description":"New Branch","BranchLogic":{"0":{"0":{"LogicType":"Question","QuestionID":"QID56","QuestionIsInLoop":"no","ChoiceLocator":"q:\/\/QID56\/SelectableChoice\/1","Operator":"Selected","QuestionIDFromLocator":"QID56","LeftOperand":"q:\/\/QID56\/SelectableChoice\/1","Type":"Expression","Description":"<span class=\"ConjDesc\">If<\/span> <span class=\"QuestionDesc\">Would you like to enter into the raffle to win a prize? Your answers will still remain anonymous....<\/span> <span class=\"LeftOpDesc\">Yes, I would like to enter the raffle.<\/span> <span class=\"OpDesc\">Is Selected<\/span> "},"1":{"LogicType":"Question","QuestionID":"QID29","QuestionIsInLoop":"no","ChoiceLocator":"q:\/\/QID29\/SelectableChoice\/2","Operator":"Selected","QuestionIDFromLocator":"QID29","LeftOperand":"q:\/\/QID29\/SelectableChoice\/2","Type":"Expression","Description":"<span class=\"ConjDesc\">And<\/span> <span class=\"QuestionDesc\">This is the end of the required section. If you would like to provide some additional insight, th...<\/span> <span class=\"LeftOpDesc\">No, skip to the end of the survey<\/span> <span class=\"OpDesc\">Is Selected<\/span> ","Conjuction":"And"},"Type":"If"},"Type":"BooleanExpression"},"Flow":[{"Type":"EndSurvey","FlowID":"FL_52","EndingType":"Advanced","Options":{"Advanced":"true","SurveyTermination":"Redirect","EOSRedirectURL":"https:\/\/northwestern.az1.qualtrics.com\/jfe\/form\/SV_8ojenG1uq60AaMK","ResponseFlag":"Complete"}}]}],"Properties":{"Count":53}}},{"SurveyID":"SV_2gI77ucHnkzYAwS","Element":"PL","PrimaryAttribute":"Preview Link","SecondaryAttribute":null,"TertiaryAttribute":null,"Payload":{"PreviewType":"Public","PreviewID":"145a7042-dd69-497a-8337-2a886c2185c8"}},{"SurveyID":"SV_2gI77ucHnkzYAwS","Element":"PROJ","PrimaryAttribute":"CORE","SecondaryAttribute":null,"TertiaryAttribute":"1.1.0","Payload":{"ProjectCategory":"CORE","SchemaVersion":"1.1.0"}},{"SurveyID":"SV_2gI77ucHnkzYAwS","Element":"QC","PrimaryAttribute":"Survey Question Count","SecondaryAttribute":"59","TertiaryAttribute":null,"Payload":null},{"SurveyID":"SV_2gI77ucHnkzYAwS","Element":"QG","PrimaryAttribute":"QG_84RBuamw8hGLbpb","SecondaryAttribute":"Default Quota Group","TertiaryAttribute":null,"Payload":{"ID":"QG_84RBuamw8hGLbpb","Name":"Default Quota Group","Selected":true,"MultipleMatch":"PlaceInAll","Public":false,"Quotas":[]}},{"SurveyID":"SV_2gI77ucHnkzYAwS","Element":"QGO","PrimaryAttribute":"QGO_QuotaGroupOrder","SecondaryAttribute":null,"TertiaryAttribute":null,"Payload":["QG_84RBuamw8hGLbpb"]},{"SurveyID":"SV_2gI77ucHnkzYAwS","Element":"RS","PrimaryAttribute":"RS_bw0VOVuwKPY7Iy2","SecondaryAttribute":"Default Response Set","TertiaryAttribute":null,"Payload":null},{"SurveyID":"SV_2gI77ucHnkzYAwS","Element":"SCO","PrimaryAttribute":"Scoring","SecondaryAttribute":null,"TertiaryAttribute":null,"Payload":{"ScoringCategories":[],"ScoringCategoryGroups":[],"ScoringSummaryCategory":null,"ScoringSummaryAfterQuestions":0,"ScoringSummaryAfterSurvey":0,"DefaultScoringCategory":null,"AutoScoringCategory":null}},{"SurveyID":"SV_2gI77ucHnkzYAwS","Element":"SO","PrimaryAttribute":"Survey Options","SecondaryAttribute":null,"TertiaryAttribute":null,"Payload":{"BackButton":"false","SaveAndContinue":"true","SurveyProtection":"PublicSurvey","BallotBoxStuffingPrevention":"false","NoIndex":"Yes","SecureResponseFiles":"true","SurveyExpiration":"None","SurveyTermination":"DisplayMessage","Header":"","Footer":"","ProgressBarDisplay":"None","PartialData":"+1 week","ValidationMessage":null,"PreviousButton":"","NextButton":"","SurveyTitle":"Survey on Social Opinion on AI","SkinLibrary":"northwestern","SkinType":"templated","Skin":{"brandingId":"7225921912","templateId":"*base","overrides":null},"NewScoring":1,"SurveyMetaDescription":"This survey examines how job seekers perceive and use artificial intelligence (AI) tools during the job search and recruiting process. Participants will be asked about their experiences with AI-assisted r\u00e9sum\u00e9 writing, application preparation, interview support, and perceptions of AI used by employers in hiring. Responses will be used for academic research to better understand emerging norms, benefits, and concerns surrounding AI in employment-related decision-making.","SurveyName":"Thesis Main Survey","EOSMessage":"MS_b9ERCV4VuSHLHD0","ShowExportTags":"false","CollectGeoLocation":"false","PasswordProtection":"No","AnonymizeResponse":"No","RefererCheck":"No","BallotBoxStuffingPreventionBehavior":null,"BallotBoxStuffingPreventionMessage":null,"BallotBoxStuffingPreventionMessageLibrary":null,"BallotBoxStuffingPreventionURL":null,"RecaptchaV3":"false","ConfirmStart":false,"AutoConfirmStart":false,"RelevantID":"false","RelevantIDLockoutPeriod":"+30 days","UseCustomSurveyLinkCompletedMessage":null,"SurveyLinkCompletedMessage":null,"SurveyLinkCompletedMessageLibrary":null,"ResponseSummary":"No","EOSMessageLibrary":"UR_9TbDAQeLx66XgQS","EOSRedirectURL":null,"EmailThankYou":"false","ThankYouEmailMessageLibrary":null,"ThankYouEmailMessage":null,"ValidateMessage":"false","ValidationMessageLibrary":null,"InactiveSurvey":"DefaultMessage","PartialDeletion":null,"PartialDataCloseAfter":"LastActivity","InactiveMessageLibrary":null,"InactiveMessage":null,"AvailableLanguages":{"EN":[]},"ProtectSelectionIds":true}},{"SurveyID":"SV_2gI77ucHnkzYAwS","Element":"SQ","PrimaryAttribute":"QID10","SecondaryAttribute":"Anything else you would like to add about why people cheat in interviews?","TertiaryAttribute":null,"Payload":{"QuestionText":"Anything else you would like to add about why people cheat in interviews?","DefaultChoices":false,"DataExportTag":"Question 6","QuestionType":"TE","Selector":"ML","DataVisibility":{"Private":false,"Hidden":false},"Configuration":{"QuestionDescriptionOption":"UseText"},"QuestionDescription":"Anything else you would like to add about why people cheat in interviews?","Validation":{"Settings":{"ForceResponse":"RequestResponse","ForceResponseType":"RequestResponse","Type":"None"}},"GradingData":[],"Language":[],"NextChoiceId":4,"NextAnswerId":1,"SearchSource":{"AllowFreeResponse":"false"},"QuestionID":"QID10"}},{"SurveyID":"SV_2gI77ucHnkzYAwS","Element":"SQ","PrimaryAttribute":"QID11","SecondaryAttribute":"Have any of the following situations made you consider using unauthorized assistance during an in...","TertiaryAttribute":null,"Payload":{"QuestionText":"Have any of the following situations made you consider using unauthorized assistance during an interview?","DefaultChoices":false,"DataExportTag":"Question 6a","QuestionID":"QID11","QuestionType":"Matrix","Selector":"Likert","SubSelector":"SingleAnswer","DataVisibility":{"Private":false,"Hidden":false},"Configuration":{"QuestionDescriptionOption":"UseText","TextPosition":"inline","ChoiceColumnWidth":25,"RepeatHeaders":"none","WhiteSpace":"OFF","MobileFirst":true,"Autoscale":{"XScale":{"Name":"yesNo","Type":"likert","Reverse":false}},"ChoiceColumnWidthPixels":469},"QuestionDescription":"Have any of the following situations made you consider using unauthorized assistance during an in...","Choices":{"1":{"Display":"Feeling underqualified or unsure how to answer"},"2":{"Display":"Knowing others might be cheating"},"3":{"Display":"High competition or fear of missing out on an opportunity"},"4":{"Display":"Interview difficulty feeling unrealistic or unfair"},"5":{"Display":"Online format making it \u201ctoo easy not to\u201d"},"6":{"Display":"Advice from peers encouraging shortcuts"},"7":{"Display":"Time pressure or interviewer rushing the process"},"8":{"Display":"Interviews that test unrelated or overly obscure knowledge"}},"ChoiceOrder":[1,2,3,4,5,6,7,8],"Validation":{"Settings":{"ForceResponse":"ON","ForceResponseType":"ON","Type":"None"}},"GradingData":[],"Language":[],"NextChoiceId":9,"NextAnswerId":4,"Answers":{"1":{"Display":"No"},"2":{"Display":"Maybe"},"3":{"Display":"Yes"}},"AnswerOrder":[1,2,3],"ChoiceDataExportTags":false,"DisplayLogic":{"0":{"0":{"LogicType":"BooleanValue","Value":"False","Type":"Expression","Description":"<span class=\"ConjDesc\">If<\/span><span> False<\/span>"},"Type":"If"},"Type":"BooleanExpression","inPage":false}}},{"SurveyID":"SV_2gI77ucHnkzYAwS","Element":"SQ","PrimaryAttribute":"QID12","SecondaryAttribute":"What was the strongest reason you considered unauthorized assistance?","TertiaryAttribute":null,"Payload":{"QuestionText":"What was the strongest reason you considered unauthorized assistance?","DefaultChoices":false,"DataExportTag":"Question 6b","QuestionType":"MC","Selector":"SAVR","SubSelector":"TX","DataVisibility":{"Private":false,"Hidden":false},"Configuration":{"QuestionDescriptionOption":"UseText"},"QuestionDescription":"What was the strongest reason you considered unauthorized assistance?","Choices":{"1":{"Display":"Staying competitive"},"2":{"Display":"Anxiety or lack of confidence"},"3":{"Display":"Belief that others were cheating"},"4":{"Display":"Feeling the process is unfair"},"5":{"Display":"High stakes \/ desperation"},"6":{"Display":"Other","TextEntry":"true"}},"ChoiceOrder":[1,2,3,4,5,6],"Validation":{"Settings":{"ForceResponse":"ON","ForceResponseType":"ON","Type":"None"}},"GradingData":[],"Language":[],"NextChoiceId":7,"NextAnswerId":1,"QuestionID":"QID12","DisplayLogic":{"0":{"0":{"LogicType":"BooleanValue","Value":"False","Type":"Expression","Description":"<span class=\"ConjDesc\">If<\/span><span> False<\/span>"},"Type":"If"},"Type":"BooleanExpression","inPage":false}}},{"SurveyID":"SV_2gI77ucHnkzYAwS","Element":"SQ","PrimaryAttribute":"QID20","SecondaryAttribute":"If you knew a HIGH NUMBER of competing candidates were cheating for a role you want, how likely w...","TertiaryAttribute":null,"Payload":{"QuestionText":"If you knew a HIGH NUMBER of competing candidates were cheating for a role you want, how likely would you be to also use unauthorized assistance to compete?","DefaultChoices":false,"DataExportTag":"Question 13a","QuestionID":"QID20","QuestionType":"MC","Selector":"SAVR","SubSelector":"TX","DataVisibility":{"Private":false,"Hidden":false},"Configuration":{"QuestionDescriptionOption":"UseText","TextPosition":"inline","Autoscale":{"YScale":{"Name":"likelyUnlikely","Type":"likert","Reverse":false}}},"QuestionDescription":"If you knew a HIGH NUMBER of competing candidates were cheating for a role you want, how likely w...","Choices":{"1":{"Display":"Extremely unlikely"},"2":{"Display":"Somewhat unlikely"},"3":{"Display":"Neither likely nor unlikely"},"4":{"Display":"Somewhat likely"},"5":{"Display":"Extremely likely"}},"ChoiceOrder":["1","2","3","4","5"],"Validation":{"Settings":{"ForceResponse":"ON","ForceResponseType":"ON","Type":"None"}},"GradingData":[],"Language":[],"NextChoiceId":6,"NextAnswerId":4}},{"SurveyID":"SV_2gI77ucHnkzYAwS","Element":"SQ","PrimaryAttribute":"QID21","SecondaryAttribute":"If you knew NO CANDIDATES were cheating, how likely would you be to cheat?","TertiaryAttribute":null,"Payload":{"QuestionText":"If you knew NO CANDIDATES were cheating, how likely would you be to cheat?","DefaultChoices":false,"DataExportTag":"Question 14a","QuestionType":"MC","Selector":"SAVR","SubSelector":"TX","DataVisibility":{"Private":false,"Hidden":false},"Configuration":{"QuestionDescriptionOption":"UseText","Autoscale":{"YScale":{"Name":"likelyUnlikely","Type":"likert","Reverse":false}}},"QuestionDescription":"If you knew NO CANDIDATES were cheating, how likely would you be to cheat?","Choices":{"1":{"Display":"Extremely unlikely"},"2":{"Display":"Somewhat unlikely"},"3":{"Display":"Neither likely nor unlikely"},"4":{"Display":"Somewhat likely"},"5":{"Display":"Extremely likely"}},"ChoiceOrder":["1","2","3","4","5"],"Validation":{"Settings":{"ForceResponse":"ON","ForceResponseType":"ON","Type":"None"}},"GradingData":[],"Language":[],"NextChoiceId":6,"NextAnswerId":4,"QuestionID":"QID21"}},{"SurveyID":"SV_2gI77ucHnkzYAwS","Element":"SQ","PrimaryAttribute":"QID22","SecondaryAttribute":"What is your year?","TertiaryAttribute":null,"Payload":{"QuestionText":"What is your year?","DefaultChoices":false,"DataExportTag":"Question 15","QuestionType":"MC","Selector":"SAVR","SubSelector":"TX","DataVisibility":{"Private":false,"Hidden":false},"Configuration":{"QuestionDescriptionOption":"UseText"},"QuestionDescription":"What is your year?","Choices":{"1":{"Display":"Freshman"},"2":{"Display":"Sophomore"},"3":{"Display":"Junior"},"4":{"Display":"Senior"},"5":{"Display":"Graduate Student"},"6":{"Display":"New Grad (0-1 YOE)"},"7":{"Display":"Experienced Grad"},"9":{"Display":"Other"}},"ChoiceOrder":[1,2,3,4,5,6,7,"9"],"Validation":{"Settings":{"ForceResponse":"ON","ForceResponseType":"ON","Type":"None"}},"GradingData":[],"Language":[],"NextChoiceId":11,"NextAnswerId":1,"QuestionID":"QID22"}},{"SurveyID":"SV_2gI77ucHnkzYAwS","Element":"SQ","PrimaryAttribute":"QID23","SecondaryAttribute":"What is your current field of study?","TertiaryAttribute":null,"Payload":{"QuestionText":"What is your current field of study?","DefaultChoices":false,"DataExportTag":"Question 16","QuestionType":"MC","Selector":"SAVR","SubSelector":"TX","DataVisibility":{"Private":false,"Hidden":false},"Configuration":{"QuestionDescriptionOption":"UseText"},"QuestionDescription":"What is your current field of study?","Choices":{"1":{"Display":"Computer Science"},"2":{"Display":"Data Science \/ AI \/ Machine Learning"},"3":{"Display":"Electrical or Computer Engineering"},"4":{"Display":"Mechanical Engineering"},"5":{"Display":"Civil \/ Environmental Engineering"},"6":{"Display":"Chemical Engineering"},"7":{"Display":"Business Administration"},"8":{"Display":"Finance \/ Accounting"},"9":{"Display":"Economics"},"10":{"Display":"Psychology"},"11":{"Display":"Sociology \/ Anthropology"},"12":{"Display":"Political Science"},"13":{"Display":"Biology"},"14":{"Display":"Neuroscience"},"15":{"Display":"Chemistry"},"16":{"Display":"Physics"},"17":{"Display":"Mathematics or Statistics"},"18":{"Display":"Communications \/ Media \/ Journalism"},"19":{"Display":"Education"},"20":{"Display":"Graphic Design \/ UX \/ Visual Arts"},"21":{"Display":"Other (please specify)","TextEntry":"true"}},"ChoiceOrder":[1,2,3,4,5,6,7,8,9,10,11,12,13,14,15,16,17,18,19,20,21],"Validation":{"Settings":{"ForceResponse":"ON","ForceResponseType":"ON","Type":"None"}},"GradingData":[],"Language":[],"NextChoiceId":22,"NextAnswerId":1,"QuestionID":"QID23"}},{"SurveyID":"SV_2gI77ucHnkzYAwS","Element":"SQ","PrimaryAttribute":"QID24","SecondaryAttribute":"What is your current industry, or desired industry?","TertiaryAttribute":null,"Payload":{"QuestionText":"What is your current industry, or desired industry?","DefaultChoices":false,"DataExportTag":"Question 17","QuestionType":"MC","Selector":"SAVR","SubSelector":"TX","DataVisibility":{"Private":false,"Hidden":false},"Configuration":{"QuestionDescriptionOption":"UseText"},"QuestionDescription":"What is your current industry, or desired industry?","Choices":{"1":{"Display":"Software Engineering \/ AI \/ Data Science"},"2":{"Display":"Information Technology \/ Cybersecurity"},"3":{"Display":"Finance: Investment Banking"},"4":{"Display":"Finance: Asset Management \/ Hedge Funds"},"5":{"Display":"Finance: Corporate Finance \/ FP&A"},"6":{"Display":"Management Consulting"},"7":{"Display":"Engineering: Electrical \/ Hardware"},"8":{"Display":"Engineering: Mechanical \/ Robotics"},"9":{"Display":"Engineering: Civil \/ Environmental"},"10":{"Display":"Healthcare: Clinical \/ Medical"},"11":{"Display":"Healthcare: Biotech \/ Pharma \/ Research"},"12":{"Display":"Consumer Goods \/ Retail \/ E-Commerce"},"13":{"Display":"Media \/ Journalism \/ Communications"},"14":{"Display":"Entertainment \/ Gaming \/ Creative Arts"},"15":{"Display":"Energy \/ Utilities"},"16":{"Display":"Government \/ Public Sector"},"17":{"Display":"Nonprofit \/ NGOs"},"18":{"Display":"Education \/ Teaching"},"19":{"Display":"Other (please specify)","TextEntry":"true"}},"ChoiceOrder":[1,2,3,4,5,6,7,8,9,10,11,12,13,14,15,16,17,18,19],"Validation":{"Settings":{"ForceResponse":"ON","ForceResponseType":"ON","Type":"None"}},"GradingData":[],"Language":[],"NextChoiceId":20,"NextAnswerId":1,"QuestionID":"QID24"}},{"SurveyID":"SV_2gI77ucHnkzYAwS","Element":"SQ","PrimaryAttribute":"QID25","SecondaryAttribute":"How many professional interviews have you completed?","TertiaryAttribute":null,"Payload":{"QuestionText":"How many professional interviews have you completed?","DefaultChoices":false,"DataExportTag":"Question 19","QuestionType":"MC","Selector":"SAVR","SubSelector":"TX","DataVisibility":{"Private":false,"Hidden":false},"Configuration":{"QuestionDescriptionOption":"UseText"},"QuestionDescription":"How many professional interviews have you completed?","Choices":{"1":{"Display":"0-1"},"2":{"Display":"2-6"},"3":{"Display":"7-10"},"4":{"Display":"11-20"},"5":{"Display":"21+"}},"ChoiceOrder":[1,2,3,4,5],"Validation":{"Settings":{"ForceResponse":"ON","ForceResponseType":"ON","Type":"None"}},"GradingData":[],"Language":[],"NextChoiceId":6,"NextAnswerId":1,"QuestionID":"QID25"}},{"SurveyID":"SV_2gI77ucHnkzYAwS","Element":"SQ","PrimaryAttribute":"QID26","SecondaryAttribute":"What is your current employment status?","TertiaryAttribute":null,"Payload":{"QuestionText":"What is your current employment status?","DefaultChoices":false,"DataExportTag":"Question 18","QuestionType":"MC","Selector":"SAVR","SubSelector":"TX","DataVisibility":{"Private":false,"Hidden":false},"Configuration":{"QuestionDescriptionOption":"UseText"},"QuestionDescription":"What is your current employment status?","Choices":{"1":{"Display":"Full-time employee"},"2":{"Display":"Part-time employee"},"3":{"Display":"Internship \/ co-op"},"4":{"Display":"Self-employed \/ contracting"},"5":{"Display":"Unemployed but actively seeking work"},"6":{"Display":"Unemployed and not seeking work"},"7":{"Display":"Full-time student (no employment)"},"8":{"Display":"Full-time student (working part-time)"},"9":{"Display":"Prefer not to say"}},"ChoiceOrder":[1,2,3,4,5,6,7,8,9],"Validation":{"Settings":{"ForceResponse":"ON","ForceResponseType":"ON","Type":"None"}},"GradingData":[],"Language":[],"NextChoiceId":10,"NextAnswerId":1,"QuestionID":"QID26"}},{"SurveyID":"SV_2gI77ucHnkzYAwS","Element":"SQ","PrimaryAttribute":"QID27","SecondaryAttribute":"What is the primary format of your interviews?","TertiaryAttribute":null,"Payload":{"QuestionText":"What is the primary format of your interviews?","DefaultChoices":false,"DataExportTag":"Question 20","QuestionType":"MC","Selector":"SAVR","SubSelector":"TX","DataVisibility":{"Private":false,"Hidden":false},"Configuration":{"QuestionDescriptionOption":"UseText"},"QuestionDescription":"What is the primary format of your interviews?","Choices":{"1":{"Display":"Online"},"2":{"Display":"In-person"},"3":{"Display":"Mixed"}},"ChoiceOrder":[1,2,3],"Validation":{"Settings":{"ForceResponse":"ON","ForceResponseType":"ON","Type":"None"}},"GradingData":[],"Language":[],"NextChoiceId":4,"NextAnswerId":1,"QuestionID":"QID27"}},{"SurveyID":"SV_2gI77ucHnkzYAwS","Element":"SQ","PrimaryAttribute":"QID29","SecondaryAttribute":"This is the end of the required section. If you would like to provide some additional insight, th...","TertiaryAttribute":null,"Payload":{"QuestionText":"This is the end of the required section. If you would like to provide some additional insight, then select \"Yes, continue\" to continue with the optional portion of the survey. If you like to go to the end of the survey, then select \"No, skip to the end of the survey\".","DefaultChoices":false,"DataExportTag":"Branching Question","QuestionID":"QID29","QuestionType":"MC","Selector":"SAVR","SubSelector":"TX","DataVisibility":{"Private":false,"Hidden":false},"Configuration":{"QuestionDescriptionOption":"UseText"},"QuestionDescription":"This is the end of the required section. If you would like to provide some additional insight, th...","Choices":{"1":{"Display":"Yes, continue"},"2":{"Display":"No, skip to the end of the survey"}},"ChoiceOrder":[1,2],"Validation":{"Settings":{"ForceResponse":"ON","ForceResponseType":"ON","Type":"None"}},"GradingData":[],"Language":[],"NextChoiceId":3,"NextAnswerId":1}},{"SurveyID":"SV_2gI77ucHnkzYAwS","Element":"SQ","PrimaryAttribute":"QID3","SecondaryAttribute":"Introduction","TertiaryAttribute":null,"Payload":{"QuestionText":"Welcome!<br>\n<br>\nThank you for taking the time to complete this survey. This study explores how students and recent graduates perceive certain social behaviors regarding Artificial Intelligence. Your responses will be <b>completely anonymous<\/b> and only be used for academic research purposes. There are no right or wrong answers, so please answer honestly based on your own experiences and perceptions.<br>\n<br>\nThe required portion takes about <strong>6<\/strong><b><strong>&nbsp;<\/strong>minutes<\/b>, and completion will enter you into a raffle to win a 50$ Amazon gift card. An optional section will follow for participants who wish to provide additional insight, as well as an additional TWO entries into the raffle for those that complete the optional section.<br><br>\nClick the <em>right arrow<\/em>&nbsp;to begin.","DefaultChoices":false,"DataExportTag":"Intro","QuestionType":"DB","Selector":"TB","DataVisibility":{"Private":false,"Hidden":false},"Configuration":{"QuestionDescriptionOption":"SpecifyLabel"},"QuestionDescription":"Introduction","ChoiceOrder":[],"Validation":{"Settings":{"Type":"None"}},"GradingData":[],"Language":[],"NextChoiceId":4,"NextAnswerId":1,"QuestionID":"QID3"}},{"SurveyID":"SV_2gI77ucHnkzYAwS","Element":"SQ","PrimaryAttribute":"QID31","SecondaryAttribute":"Overall, how fair do you believe the modern job interview process is for a qualified candidate?","TertiaryAttribute":null,"Payload":{"QuestionText":"Overall, how fair do you believe the modern job interview process is for a qualified candidate?","DefaultChoices":false,"DataExportTag":"Optional Question 1","QuestionType":"MC","Selector":"SAVR","SubSelector":"TX","DataVisibility":{"Private":false,"Hidden":false},"Configuration":{"QuestionDescriptionOption":"UseText"},"QuestionDescription":"Overall, how fair do you believe the modern job interview process is for a qualified candidate?","Choices":{"1":{"Display":"Extremely unfair"},"2":{"Display":"Somewhat unfair"},"3":{"Display":"Neither fair nor unfair"},"4":{"Display":"Somewhat fair"},"5":{"Display":"Extremely fair"}},"ChoiceOrder":[1,2,3,4,5],"Validation":{"Settings":{"ForceResponse":"OFF","Type":"None"}},"GradingData":[],"Language":[],"NextChoiceId":6,"NextAnswerId":1,"QuestionID":"QID31"}},{"SurveyID":"SV_2gI77ucHnkzYAwS","Element":"SQ","PrimaryAttribute":"QID32","SecondaryAttribute":"How likely are you to report a friend or peer if you knew they cheated to get a job?","TertiaryAttribute":null,"Payload":{"QuestionText":"How likely are you to report a friend or peer if you knew they cheated to get a job?","DefaultChoices":false,"DataExportTag":"Optional Question 2","QuestionType":"MC","Selector":"SAVR","SubSelector":"TX","DataVisibility":{"Private":false,"Hidden":false},"Configuration":{"QuestionDescriptionOption":"UseText","Autoscale":{"YScale":{"Name":"likelyUnlikely","Type":"likert","Reverse":false}}},"QuestionDescription":"How likely are you to report a friend or peer if you knew they cheated to get a job?","Choices":{"1":{"Display":"Extremely unlikely"},"2":{"Display":"Somewhat unlikely"},"3":{"Display":"Neither likely nor unlikely"},"4":{"Display":"Somewhat likely"},"5":{"Display":"Extremely likely"}},"ChoiceOrder":["1","2","3","4","5"],"Validation":{"Settings":{"ForceResponse":"OFF","Type":"None"}},"GradingData":[],"Language":[],"NextChoiceId":6,"NextAnswerId":1,"QuestionID":"QID32"}},{"SurveyID":"SV_2gI77ucHnkzYAwS","Element":"SQ","PrimaryAttribute":"QID33","SecondaryAttribute":"How confident are you that companies can effectively detect cheating in virtual interviews?","TertiaryAttribute":null,"Payload":{"QuestionText":"How confident are you that companies can effectively detect cheating in virtual interviews?","DefaultChoices":false,"DataExportTag":"Optional Question 3","QuestionType":"MC","Selector":"SAVR","SubSelector":"TX","DataVisibility":{"Private":false,"Hidden":false},"Configuration":{"QuestionDescriptionOption":"UseText"},"QuestionDescription":"How confident are you that companies can effectively detect cheating in virtual interviews?","Choices":{"1":{"Display":"Not confident at all"},"2":{"Display":"Slightly confident"},"3":{"Display":"Moderately confident"},"4":{"Display":"Very confident"},"5":{"Display":"Extremely confident"}},"ChoiceOrder":[1,2,3,4,5],"Validation":{"Settings":{"ForceResponse":"OFF","Type":"None"}},"GradingData":[],"Language":[],"NextChoiceId":6,"NextAnswerId":1,"QuestionID":"QID33"}},{"SurveyID":"SV_2gI77ucHnkzYAwS","Element":"SQ","PrimaryAttribute":"QID34","SecondaryAttribute":"How confident are you that companies act on suspected cheating?","TertiaryAttribute":null,"Payload":{"QuestionText":"How confident are you that companies act on suspected cheating?","DefaultChoices":false,"DataExportTag":"Optional Question 4","QuestionType":"MC","Selector":"SAVR","SubSelector":"TX","DataVisibility":{"Private":false,"Hidden":false},"Configuration":{"QuestionDescriptionOption":"UseText"},"QuestionDescription":"How confident are you that companies act on suspected cheating?","Choices":{"1":{"Display":"Not confident at all"},"2":{"Display":"Slightly confident"},"3":{"Display":"Moderately confident"},"4":{"Display":"Very confident"},"5":{"Display":"Extremely confident"}},"ChoiceOrder":[1,2,3,4,5],"Validation":{"Settings":{"ForceResponse":"OFF","Type":"None"}},"GradingData":[],"Language":[],"NextChoiceId":6,"NextAnswerId":1,"QuestionID":"QID34"}},{"SurveyID":"SV_2gI77ucHnkzYAwS","Element":"SQ","PrimaryAttribute":"QID36","SecondaryAttribute":"If a company discovers a candidate used AI to cheat on a critical hiring assessment, what do you...","TertiaryAttribute":null,"Payload":{"QuestionText":"If a company discovers a candidate used AI to cheat on a critical hiring assessment, what do you believe is the appropriate consequence?","DefaultChoices":false,"DataExportTag":"Optional Question 5","QuestionType":"MC","Selector":"SAVR","SubSelector":"TX","DataVisibility":{"Private":false,"Hidden":false},"Configuration":{"QuestionDescriptionOption":"UseText"},"QuestionDescription":"If a company discovers a candidate used AI to cheat on a critical hiring assessment, what do you...","Choices":{"1":{"Display":"Warning, no penalty."},"2":{"Display":"Automatic disqualification from the current application."},"3":{"Display":"Permanent ban from applying to the company."},"4":{"Display":"No consequence, as it's part of modern technology use."},"5":{"Display":"Industry-wide ban"}},"ChoiceOrder":[1,2,3,4,5],"Validation":{"Settings":{"ForceResponse":"OFF","Type":"None"}},"GradingData":[],"Language":[],"NextChoiceId":6,"NextAnswerId":1,"QuestionID":"QID36"}},{"SurveyID":"SV_2gI77ucHnkzYAwS","Element":"SQ","PrimaryAttribute":"QID37","SecondaryAttribute":"If a candidate secures a job primarily because of high-quality, AI-generated answers, how confide...","TertiaryAttribute":null,"Payload":{"QuestionText":"If a candidate secures a job primarily because of high-quality, AI-generated answers, how confident are you that they possess the genuine skills required for the role?","DefaultChoices":false,"DataExportTag":"Optional Question 6","QuestionType":"MC","Selector":"SAVR","SubSelector":"TX","DataVisibility":{"Private":false,"Hidden":false},"Configuration":{"QuestionDescriptionOption":"UseText"},"QuestionDescription":"If a candidate secures a job primarily because of high-quality, AI-generated answers, how confide...","Choices":{"1":{"Display":"Not confident at all"},"2":{"Display":"Slightly confident"},"3":{"Display":"Moderately confident"},"4":{"Display":"Very confident"},"5":{"Display":"Extremely confident"}},"ChoiceOrder":[1,2,3,4,5],"Validation":{"Settings":{"ForceResponse":"OFF","Type":"None"}},"GradingData":[],"Language":[],"NextChoiceId":6,"NextAnswerId":1,"QuestionID":"QID37"}},{"SurveyID":"SV_2gI77ucHnkzYAwS","Element":"SQ","PrimaryAttribute":"QID4","SecondaryAttribute":"How common do you think the following activities are among students you know?","TertiaryAttribute":null,"Payload":{"QuestionText":"How common do you think the following activities are among students you know?","DefaultChoices":false,"DataExportTag":"Question 1","QuestionType":"Matrix","Selector":"Likert","SubSelector":"SingleAnswer","DataVisibility":{"Private":false,"Hidden":false},"Configuration":{"QuestionDescriptionOption":"UseText","TextPosition":"inline","ChoiceColumnWidth":25,"RepeatHeaders":"middle","MobileFirst":true,"ChoiceColumnWidthPixels":341,"WhiteSpace":"OFF"},"QuestionDescription":"How common do you think the following activities are among students you know?","Choices":{"1":{"Display":"Using their smartphone in the morning"},"2":{"Display":"Listening to music during daily activities (working, gym, cooking, etc.)"},"3":{"Display":"Drinking coffee, tea, or other caffeinated beverages at least once per week"},"4":{"Display":"Sky diving"},"5":{"Display":"Flying a helicopter"},"6":{"Display":"Paying someone else to take an interview for them"},"7":{"Display":"Going to the gym consistently"},"8":{"Display":"Cheating on a significant other"},"9":{"Display":"Using unauthorized assistance during a course exam (e.g., prohibited internet or AI use)"},"10":{"Display":"Using AI to generate full interview answers"},"11":{"Display":"Using AI to practice preparing for interviews"},"12":{"Display":"Having someone else write your homework essay for them"},"13":{"Display":"Using hidden assistance during a remote interview"},"14":{"Display":"Performing music at a concert"}},"ChoiceOrder":[1,2,3,4,5,6,7,8,9,10,11,12,13,14],"Validation":{"Settings":{"ForceResponse":"ON","ForceResponseType":"ON","Type":"None"}},"GradingData":[],"Language":[],"NextChoiceId":17,"NextAnswerId":6,"Answers":{"1":{"Display":"Very Rare"},"2":{"Display":"Rare"},"3":{"Display":"Uncommon"},"4":{"Display":"Common"},"5":{"Display":"Very Common"}},"AnswerOrder":[1,2,3,4,5],"ChoiceDataExportTags":false,"QuestionID":"QID4","Randomization":{"Advanced":{"FixedOrder":["{~Randomized~}","5","{~Randomized~}","14","{~SubSet~}","{~SubSet~}","{~SubSet~}","{~SubSet~}","{~SubSet~}"],"RandomSubSet":["6","9","10","11","12","13","7","4","1","2"],"RandomizeAll":["8","3"],"ScaleReversal":[],"TotalRandSubset":5,"Undisplayed":[]},"ConsistentScaleReversal":false,"EvenPresentation":true,"TotalRandSubset":"","Type":"Advanced"}}},{"SurveyID":"SV_2gI77ucHnkzYAwS","Element":"SQ","PrimaryAttribute":"QID45","SecondaryAttribute":"How acceptable do you believe it is to cheat in this scenario?","TertiaryAttribute":null,"Payload":{"QuestionText":"How acceptable do you believe it is to cheat in this scenario?<br>","DefaultChoices":false,"DataExportTag":"Question 13b","QuestionType":"MC","Selector":"SAVR","SubSelector":"TX","DataVisibility":{"Private":false,"Hidden":false},"Configuration":{"QuestionDescriptionOption":"UseText"},"QuestionDescription":"How acceptable do you believe it is to cheat in this scenario?","Choices":{"1":{"Display":"Completely Acceptable"},"2":{"Display":"Somewhat Acceptable"},"3":{"Display":"Neutral"},"4":{"Display":"Somewhat Unacceptable"},"5":{"Display":"Completely Unacceptable"},"6":{"Display":"Unsure"}},"ChoiceOrder":[1,2,3,4,5,6],"Validation":{"Settings":{"ForceResponse":"OFF","Type":"None"}},"GradingData":[],"Language":[],"NextChoiceId":7,"NextAnswerId":1,"QuestionID":"QID45"}},{"SurveyID":"SV_2gI77ucHnkzYAwS","Element":"SQ","PrimaryAttribute":"QID46","SecondaryAttribute":"How acceptable do you believe it is to cheat in this scenario?","TertiaryAttribute":null,"Payload":{"QuestionText":"How acceptable do you believe it is to cheat in this scenario?<br>","DefaultChoices":false,"DataExportTag":"Question 14b","QuestionType":"MC","Selector":"SAVR","SubSelector":"TX","DataVisibility":{"Private":false,"Hidden":false},"Configuration":{"QuestionDescriptionOption":"UseText"},"QuestionDescription":"How acceptable do you believe it is to cheat in this scenario?","Choices":{"1":{"Display":"Completely Acceptable"},"2":{"Display":"Somewhat Acceptable"},"3":{"Display":"Neutral"},"4":{"Display":"Somewhat Unacceptable"},"5":{"Display":"Completely Unacceptable"},"6":{"Display":"Unsure"}},"ChoiceOrder":[1,2,3,4,5,6],"Validation":{"Settings":{"ForceResponse":"OFF","Type":"None"}},"GradingData":[],"Language":[],"NextChoiceId":7,"NextAnswerId":1,"QuestionID":"QID46"}},{"SurveyID":"SV_2gI77ucHnkzYAwS","Element":"SQ","PrimaryAttribute":"QID47","SecondaryAttribute":"The next set of questions will ask you to say whether you have or have not performed certain beha...","TertiaryAttribute":null,"Payload":{"QuestionText":"The next set of questions will ask you to say whether you have or have not performed certain behaviors. If the answer is YES, select the answer choice that corresponds to a ${e:\/\/Field\/HAVE_SYMBOL}. If the answer is NO, instead select the answer choice that corresponds to a ${e:\/\/Field\/HAVE_NOT_SYMBOL}.","DefaultChoices":false,"QuestionType":"DB","Selector":"TB","DataVisibility":{"Private":false,"Hidden":false},"Configuration":{"QuestionDescriptionOption":"UseText","TextPosition":"inline"},"QuestionDescription":"The next set of questions will ask you to say whether you have or have not performed certain beha...","ChoiceOrder":[],"Validation":{"Settings":{"Type":"None"}},"GradingData":[],"Language":[],"NextChoiceId":4,"NextAnswerId":4,"QuestionText_Unsafe":"The next set of questions will ask you to say whether you have or have not performed certain behaviors. If you have performed a behavior, select BOTH the&nbsp; ${e:\/\/Field\/HAVE_FIRST} and ${e:\/\/Field\/HAVE_SECOND} answer choices. If you have not, instead select BOTH the ${e:\/\/Field\/HAVE_NOT_FIRST} and ${e:\/\/Field\/HAVE_NOT_SECOND} answer choices.&nbsp;","DataExportTag":"Section Header","QuestionID":"QID47"}},{"SurveyID":"SV_2gI77ucHnkzYAwS","Element":"SQ","PrimaryAttribute":"QID48","SecondaryAttribute":"Is Chicago located in Illinois?","TertiaryAttribute":null,"Payload":{"QuestionText":"Is Chicago located in Illinois?<br>","DefaultChoices":false,"QuestionType":"MC","Selector":"SAVR","SubSelector":"TX","DataVisibility":{"Private":false,"Hidden":false},"Configuration":{"QuestionDescriptionOption":"UseText"},"QuestionDescription":"Is Chicago located in Illinois?","Choices":{"1":{"Display":"1"},"2":{"Display":"2"},"3":{"Display":"A"},"4":{"Display":"a"},"5":{"Display":"Yellow"},"6":{"Display":"Plane"}},"ChoiceOrder":[1,2,3,4,5,6],"Validation":{"Settings":{"ForceResponse":"ON","ForceResponseType":"ON","Type":"None","MinChoices":"1","MaxChoices":"1"}},"GradingData":[],"Language":[],"NextChoiceId":7,"NextAnswerId":1,"AnalyzeChoices":{"2":"on","1":"on"},"QuestionText_Unsafe":"To confirm you have read the above section, please select the answer choices corresponding to NOT performing a behavior.","DataExportTag":"Question 7","QuestionID":"QID48","Randomization":{"Advanced":null,"TotalRandSubset":"","Type":"None"}}},{"SurveyID":"SV_2gI77ucHnkzYAwS","Element":"SQ","PrimaryAttribute":"QID49","SecondaryAttribute":"Do you know someone who used Artificial Intelligence to complete a homework assignment when its u...","TertiaryAttribute":null,"Payload":{"QuestionText":"Do you know someone who used Artificial Intelligence to complete a homework assignment when its usage was explicitly NOT allowed?","DefaultChoices":false,"QuestionType":"MC","Selector":"SAVR","SubSelector":"TX","DataVisibility":{"Private":false,"Hidden":false},"Configuration":{"QuestionDescriptionOption":"UseText"},"QuestionDescription":"Do you know someone who used Artificial Intelligence to complete a homework assignment when its u...","Choices":{"1":{"Display":"55"},"2":{"Display":"464"},"3":{"Display":"T"},"4":{"Display":"t"},"5":{"Display":"Phone"},"6":{"Display":"Purple"}},"ChoiceOrder":[1,2,3,4,5,6],"Validation":{"Settings":{"ForceResponse":"ON","ForceResponseType":"ON","MinChoices":"1"}},"GradingData":[],"Language":[],"NextChoiceId":7,"NextAnswerId":1,"QuestionText_Unsafe":"Have you used Artificial Intelligence to complete a homework assignment when its usage was explicitly NOT allowed?","DataExportTag":"Question 9","QuestionID":"QID49"}},{"SurveyID":"SV_2gI77ucHnkzYAwS","Element":"SQ","PrimaryAttribute":"QID5","SecondaryAttribute":"Out of all job-seekers that you know, what do you believe is the percentage of students that have...","TertiaryAttribute":null,"Payload":{"QuestionText":"Out of all job-seekers that you know, what do you believe is the percentage of students that have cheated on an interview?<br>\n<br>\n<em><b id=\"docs-internal-guid-2e9b2356-7fff-5b2e-9960-e171f144b304\">People often overestimate or underestimate percentages - give your genuine best guess.<\/b><\/em>","DefaultChoices":false,"DataExportTag":"Question 2","QuestionType":"Slider","Selector":"HSLIDER","DataVisibility":{"Private":false,"Hidden":false},"Configuration":{"QuestionDescriptionOption":"UseText","CSSliderMin":0,"CSSliderMax":100,"GridLines":5,"NumDecimals":"0","ShowValue":true,"SliderStartPositions":{"1":0},"StarCount":5,"StarType":"discrete","SnapToGrid":false,"CustomStart":false,"NotApplicable":false,"MobileFirst":true},"QuestionDescription":"Out of all job-seekers that you know, what do you believe is the percentage of students that have...","Choices":{"1":{"Display":"&nbsp;"}},"ChoiceOrder":[1],"Validation":{"Settings":{"ForceResponse":"ON","ForceResponseType":"ON","Type":"None"}},"GradingData":[],"Language":[],"NextChoiceId":2,"NextAnswerId":1,"Labels":[],"QuestionID":"QID5"}},{"SurveyID":"SV_2gI77ucHnkzYAwS","Element":"SQ","PrimaryAttribute":"QID50","SecondaryAttribute":"Do you know someone who used Artificial Intelligence to generate interview answers in advance whe...","TertiaryAttribute":null,"Payload":{"QuestionText":"Do you know someone who used Artificial Intelligence to generate interview answers in advance when its usage was NOT allowed?","DefaultChoices":false,"QuestionType":"MC","Selector":"SAVR","SubSelector":"TX","DataVisibility":{"Private":false,"Hidden":false},"Configuration":{"QuestionDescriptionOption":"UseText"},"QuestionDescription":"Do you know someone who used Artificial Intelligence to generate interview answers in advance whe...","Choices":{"1":{"Display":"19"},"2":{"Display":"204"},"3":{"Display":"R"},"4":{"Display":"r"},"5":{"Display":"Pink"},"6":{"Display":"Pencil"}},"ChoiceOrder":[1,2,3,4,5,6],"Validation":{"Settings":{"ForceResponse":"ON","ForceResponseType":"ON","MinChoices":"1"}},"GradingData":[],"Language":[],"NextChoiceId":7,"NextAnswerId":1,"QuestionText_Unsafe":"Have you had Artificial Intelligence generate interview answers for you in advance when its usage was NOT allowed?","DataExportTag":"Question 10","QuestionID":"QID50","Randomization":{"Advanced":null,"TotalRandSubset":"","Type":"All"}}},{"SurveyID":"SV_2gI77ucHnkzYAwS","Element":"SQ","PrimaryAttribute":"QID51","SecondaryAttribute":"Do you know someone who used a search engine or asked a peer to generate interview answers live w...","TertiaryAttribute":null,"Payload":{"QuestionText":"Do you know someone who used a search engine or asked a peer to generate interview answers live when that was NOT&nbsp;allowed?","DefaultChoices":false,"QuestionType":"MC","Selector":"SAVR","SubSelector":"TX","DataVisibility":{"Private":false,"Hidden":false},"Configuration":{"QuestionDescriptionOption":"UseText"},"QuestionDescription":"Do you know someone who used a search engine or asked a peer to generate interview answers live w...","Choices":{"1":{"Display":"301"},"2":{"Display":"Q"},"3":{"Display":"6422"},"4":{"Display":"q"},"5":{"Display":"Green"},"6":{"Display":"Bottle"}},"ChoiceOrder":[1,2,3,4,5,6],"Validation":{"Settings":{"ForceResponse":"ON","ForceResponseType":"ON","MinChoices":"1"}},"GradingData":[],"Language":[],"NextChoiceId":7,"NextAnswerId":1,"QuestionText_Unsafe":"Have you used a search engine or asked a peer to generate interview answers live when that was NOT&nbsp;allowed?","DataExportTag":"Question 11","QuestionID":"QID51"}},{"SurveyID":"SV_2gI77ucHnkzYAwS","Element":"SQ","PrimaryAttribute":"QID52","SecondaryAttribute":"Do you know someone who used Artificial Intelligence to generate responses live during a virtual...","TertiaryAttribute":null,"Payload":{"QuestionText":"Do you know someone who used Artificial Intelligence to generate responses live during a virtual interview when its usage was NOT allowed?","DefaultChoices":false,"QuestionType":"MC","Selector":"SAVR","SubSelector":"TX","DataVisibility":{"Private":false,"Hidden":false},"Configuration":{"QuestionDescriptionOption":"UseText"},"QuestionDescription":"Do you know someone who used Artificial Intelligence to generate responses live during a virtual...","Choices":{"1":{"Display":"1527"},"2":{"Display":"228"},"3":{"Display":"F"},"4":{"Display":"f"},"5":{"Display":"Orange"},"6":{"Display":"Bowl"}},"ChoiceOrder":[1,2,3,4,5,6],"Validation":{"Settings":{"ForceResponse":"ON","ForceResponseType":"ON","MinChoices":"1"}},"GradingData":[],"Language":[],"NextChoiceId":7,"NextAnswerId":1,"QuestionText_Unsafe":"Have you used Artificial Intelligence to generate responses live during a virtual interview when its usage was NOT allowed?","DataExportTag":"Question 12","QuestionID":"QID52","Randomization":{"Advanced":null,"TotalRandSubset":"","Type":"All"}}},{"SurveyID":"SV_2gI77ucHnkzYAwS","Element":"SQ","PrimaryAttribute":"QID53","SecondaryAttribute":"Is the city of Chicago in New York?","TertiaryAttribute":null,"Payload":{"QuestionText":"Is the city of Chicago in New York?","DefaultChoices":false,"DataExportTag":"Question 8","QuestionType":"MC","Selector":"SAVR","SubSelector":"TX","DataVisibility":{"Private":false,"Hidden":false},"Configuration":{"QuestionDescriptionOption":"UseText"},"QuestionDescription":"Is the city of Chicago in New York?","Choices":{"1":{"Display":"5"},"2":{"Display":"8"},"3":{"Display":"D"},"4":{"Display":"d"},"5":{"Display":"Red"},"6":{"Display":"Computer"}},"ChoiceOrder":[1,2,3,4,5,6],"Validation":{"Settings":{"ForceResponse":"ON","ForceResponseType":"ON","Type":"None","MinChoices":"1","MaxChoices":"1"}},"GradingData":[],"AnalyzeChoices":{"1":"on"},"Language":[],"NextChoiceId":7,"NextAnswerId":1,"QuestionID":"QID53","Randomization":{"Advanced":null,"TotalRandSubset":"","Type":"All"}}},{"SurveyID":"SV_2gI77ucHnkzYAwS","Element":"SQ","PrimaryAttribute":"QID55","SecondaryAttribute":"If you have any feedback, please feel free to share it here.\u00a0 Reminder: your response is fully an..","TertiaryAttribute":null,"Payload":{"QuestionText":"If you have any feedback, please feel free to share it here.&nbsp;<br>\n<br>\n<em>Reminder: your response is fully anonymous and will not be shared - please be honest!<\/em>","DefaultChoices":false,"DataExportTag":"Feedback Question","QuestionType":"TE","Selector":"ML","DataVisibility":{"Private":false,"Hidden":false},"Configuration":{"QuestionDescriptionOption":"UseText"},"QuestionDescription":"If you have any feedback, please feel free to share it here.\u00a0 Reminder: your response is fully an...","Validation":{"Settings":{"ForceResponse":"RequestResponse","ForceResponseType":"RequestResponse","Type":"None"}},"GradingData":[],"Language":[],"NextChoiceId":4,"NextAnswerId":1,"SearchSource":{"AllowFreeResponse":"false"},"QuestionID":"QID55"}},{"SurveyID":"SV_2gI77ucHnkzYAwS","Element":"SQ","PrimaryAttribute":"QID56","SecondaryAttribute":"Would you like to enter into the raffle to win a prize? Your answers will still remain anonymous....","TertiaryAttribute":null,"Payload":{"QuestionText":"Would you like to enter into the raffle to win a prize? Your answers will still remain anonymous.&nbsp;<br>\n<br>\n<em>Note: Completion of the optional section of the survey will earn TWO (2) additional entries into the raffle, for a total of THREE (3) entries.<\/em>","DefaultChoices":false,"DataExportTag":"Raffle Question","QuestionType":"MC","Selector":"SAVR","SubSelector":"TX","DataVisibility":{"Private":false,"Hidden":false},"Configuration":{"QuestionDescriptionOption":"UseText"},"QuestionDescription":"Would you like to enter into the raffle to win a prize? Your answers will still remain anonymous....","Choices":{"1":{"Display":"Yes, I would like to enter the raffle."},"2":{"Display":"No, I would NOT like to be entered into the raffle."}},"ChoiceOrder":[1,2],"Validation":{"Settings":{"ForceResponse":"ON","ForceResponseType":"ON","Type":"None"}},"GradingData":[],"Language":[],"NextChoiceId":3,"NextAnswerId":1,"QuestionID":"QID56"}},{"SurveyID":"SV_2gI77ucHnkzYAwS","Element":"SQ","PrimaryAttribute":"QID57","SecondaryAttribute":"CODE_ID","TertiaryAttribute":null,"Payload":{"QuestionText":"CODE_ID","DefaultChoices":{"1":{"Selected":true}},"DataExportTag":"Q37","QuestionType":"MC","Selector":"SAVR","SubSelector":"TX","DataVisibility":{"Private":false,"Hidden":false},"Configuration":{"QuestionDescriptionOption":"UseText"},"QuestionDescription":"CODE_ID","Choices":{"1":{"Display":"${e:\/\/Field\/CODE_ID}"}},"ChoiceOrder":["1"],"Validation":{"Settings":{"ForceResponse":"ON","ForceResponseType":"ON","Type":"None"}},"GradingData":[],"Language":[],"NextChoiceId":4,"NextAnswerId":1,"QuestionID":"QID57","DisplayLogic":{"0":{"0":{"LogicType":"BooleanValue","Value":"False","Type":"Expression","Description":"<span class=\"ConjDesc\">If<\/span><span> False<\/span>"},"Type":"If"},"Type":"BooleanExpression","inPage":false}}},{"SurveyID":"SV_2gI77ucHnkzYAwS","Element":"SQ","PrimaryAttribute":"QID58","SecondaryAttribute":"Consent to Participate in Research \u00a0 Title of Research Study: Measuring AI\u2019s Impact on the Job Se","TertiaryAttribute":null,"Payload":{"QuestionText":"<h2><strong>Consent to Participate in Research<\/strong><\/h2>\n&nbsp;\n\n<br><b>Title of Research Study:<\/b> Measuring AI\u2019s Impact on the Job Search Process<p>\n<strong>Principal Investigator:<\/strong> Benjamin Golub<br>\n<strong>Student Investigator:<\/strong> Nicholas Qiu<br>\n<strong>Supported By:<\/strong> This research is supported by Northwestern University\u2019s Mathematical Methods in the Social Sciences department.<br>\n<strong>Key Information about this research study:<\/strong> The following is a short summary of this study to help you decide whether to be a part of this study. Information that is more detailed is explained later on in this form.<br>\n\u2022 The purpose of this study is to explore how students and early career professionals and graduates perceive certain social behaviors.<br>\n\u2022 You will be asked to complete a survey.<br>\n\u2022 We expect that you will be in this research study for 5-6 minutes, and an additional 1 minute for the optional section if you choose to complete it.<br>\n\u2022 There are attention checks in this survey. You can enter the raffle regardless of whether you pass these attention checks.<br>\n\u2022 The primary potential risk of participation is to the extent of preserving your privacy.<br>\n\u2022 The main benefit of being in this study is to help illuminate social perceptions about AI tools and people\u2019s usage of said tools.<br>\n<strong>Why am I being asked to take part in this research study?<\/strong><br>\nWe are asking you to take part in this research study because you are a university undergraduate, graduate student or early career professional who is at least 18 years of age. How many people will be in this study? We expect about 100 people will be in this research study. What should I know about participating in a research study?<br>\n\u2022 Whether or not you take part is up to you.<br>\n\u2022 You can choose not to take part.<br>\n\u2022 You can agree to take part and later change your mind.<br>\n\u2022 Your decision will not be held against you.<br>\n<strong>What happens if I say, \u201cYes, I want to be in this research\u201d?<\/strong><br>\nYou will be able to complete the required portion of the survey. This can be taken anywhere and at anytime after receiving the survey until April 30th. The survey duration will take approximately 5-6 minutes, and an additional optional portion will take another 1 minute. No audio or video recordings, and no photography will be taken as a part of this survey. Once you have completed the survey, then you can complete a separate form to enter into a raffle.<br>\n<strong>Will being in this study help me in any way?<\/strong><br>\nWe cannot promise any benefits to you or others from your taking part in this research. However, possible benefits include critical thinking and better knowledge for you. For the entire population of participants, they may gain general knowledge about AI tools and social behavior. This could allow for policymakers and companies to design policies and systems to control for and accommodate the rise in AI tools.<br>\n<strong>Is there any way being in this study could be bad for me?<\/strong><br>\nThere are risks regarding preserving your privacy. This risk will be very minimal, as the student researcher will take many precautions to preserve ones privacy. Questions will not ask you for any potentially incriminating information. Another risk of completing this survey is that you may not feel comfortable answering questions regarding AI usage in specific contexts. This risk is also minimal, as participants are able to not continue with the survey once they feel uncomfortable, and do not need to consider these hypothetical scenarios anymore. A possible risk for any research is that confidentiality could be compromised \u2013 that is, that people outside the study might get hold of confidential study information. We will do everything we can to minimize this risk, as described in more detail later in this form.<br>\n<strong>What happens if I do not want to be in this research, or I change my mind later?<\/strong><br>\nParticipation in research is voluntary. You can decide to participate or not to participate. If you do not want to be in this study or withdraw from the study at any point, your decision will not affect your relationship with any organization or group, including Northwestern University. For students, this will not affect any grades or class standing. You can leave the research at any time and it will not be held against you. If you decide to withdraw from this study before completing the survey, then any data already collected from you will be destroyed.<br>\n<strong>How will the researchers protect my information?<\/strong><br>\nTo keep participants\u2019 information secure, we are taking many precautions. For one, participants are able to take the survey from any location they feel comfortable to take the survey. In addition, once data is collected, they will be promptly cleaned of any information that could potentially identify them, including timestamps. In addition, survey data will be uploaded to a spreadsheet that is stored locally by the research team on a secured and encrypted device. Any identifiable research data, such as raffle entries, will be kept in a separate secured and encrypted device, and will also have timestamp data removed promptly after collection. Any physical copies of data will be stored in a folder that can only be accessed by the student researcher and principal investigator.<br>\n<strong>Who will have access to the information collected during this research study?<\/strong><br>\nEfforts will be made to limit the use and disclosure of your personal information, including research study records, to people who have a need to review this information. We cannot promise complete secrecy. There are reasons why information about you may be used or seen by other people beyond the research team during or after this study. Examples include:<br>\n\u2022 University officials, government officials, study funders, auditors, and the Institutional Review Board may need access to the study information to make sure the study is done in a safe and appropriate manner.<br>\nWe will not ask you about child abuse, but if you tell us about child abuse or neglect, we may be required or permitted by law or policy to report to authorities.<br>\nFor the purpose of future research, data will be stored on a public GitHub repository, where all potential identifying information will be scrubbed and cleaned. In addition, no data regarding raffle collection will be stored or uploaded to any public database or repository, and will be promptly deleted after raffle drawings are completed.<br>\n<strong>How might the information collected in this study be shared in the future?<\/strong><br>\nWe will keep the information we collect about you during this research study for study recordkeeping and for potential use in future research projects. De-identified data from this study may be shared with the research community, with journals in which study results are published, and with databases and data repositories used for research.<br>\n<strong>Will I be paid or given anything for taking part in this study?<\/strong><br>\nUpon completion of the required portion of the survey, you will be able to complete a separate form to enter your information for a raffle. Upon completion of the optional portion of the survey, you will be entitled to two entries for a total of three entries for the raffle. The raffle consists of 3 separate draws for a $50 Amazon gift card for each draw. Each entry ticket will have equal odds to win a raffle drawing. Once a participant has won a drawing, they are no longer eligible for an additional draw, and their additional tickets will be removed. The drawing will occur approximately two weeks after the closing of the survey, and will be contacted using their email address that they provide in the raffle entry form.<br>\n<strong>Who can I talk to?<\/strong><br>\nIf you have questions, concerns, or complaints, you can contact the Principal Investigator Benjamin Golub (<a href=\"mailto:ben.golub@gmail.com\">ben.golub@gmail.com<\/a>) and the student researcher Nicholas Qiu (<a href=\"mailto:nicholasqiu2026@u.northwestern.edu\">nicholasqiu2026@u.northwestern.edu<\/a>).<br>\nThis research has been reviewed and approved by an Institutional Review Board (\u201cIRB\u201d) \u2013 an IRB is a committee that protects the rights of people who participate in research studies. You may contact the IRB by phone at <a href=\"tel:(312) 503-1376\">(312) 503-1376<\/a> or by email at <a href=\"mailto:irbcompliance@northwestern.edu\">irbcompliance@northwestern.edu<\/a> if:<br>\n\u2022 Your questions, concerns, or complaints are not being answered by the research team.<br>\n\u2022 You cannot reach the research team. \u2022 You want to talk to someone besides the research team.<br>\n\u2022 You have questions about your rights as a research participant. \u2022 You want to get information or provide input about this research.<br>\n<strong>Optional Elements<\/strong>:<br>\nThere are two main portions of the survey. The first survey section is required, but there is a second section that is optional. You do not have to agree to complete this portion of the survey to participate in the research study. At the end of the optional portion of the survey, you may opt into completing the optional portion of the survey. That opt-in will count as your consent for taking the optional portion of the survey.<br>\n<br>\nIf you want a copy of this consent for your records, you can print it from the screen. If you cannot print the consent and would like a copy for your records, contact the Principal Investigator with the contact information above.<br>\n<br>\nIf you wish to participate, please check the \u201cI Agree\u201d box and select the right arrow button to be taken to the survey. If you do not wish to participate in this study, please select X in the corner of your browser.<\/p><br>","DefaultChoices":false,"DataExportTag":"Consent Page","QuestionID":"QID58","QuestionType":"MC","Selector":"MAVR","SubSelector":"TX","DataVisibility":{"Private":false,"Hidden":false},"Configuration":{"QuestionDescriptionOption":"UseText"},"QuestionDescription":"Consent to Participate in Research \u00a0 Title of Research Study: Measuring AI\u2019s Impact on the Job Se...","Choices":{"4":{"Display":"I agree to participate in this research study."}},"ChoiceOrder":["4"],"Validation":{"Settings":{"ForceResponse":"ON","ForceResponseType":"ON","Type":"None"}},"GradingData":[],"Language":[],"NextChoiceId":6,"NextAnswerId":1}},{"SurveyID":"SV_2gI77ucHnkzYAwS","Element":"SQ","PrimaryAttribute":"QID59","SecondaryAttribute":"What is your year?","TertiaryAttribute":null,"Payload":{"QuestionText":"What is your year?","DefaultChoices":false,"DataExportTag":"Q38","QuestionType":"MC","Selector":"SAVR","SubSelector":"TX","DataVisibility":{"Private":false,"Hidden":false},"Configuration":{"QuestionDescriptionOption":"UseText"},"QuestionDescription":"What is your year?","Choices":{"1":{"Display":"Freshman"},"2":{"Display":"Sophomore"},"3":{"Display":"Junior"},"4":{"Display":"Senior"},"5":{"Display":"Graduate Student"},"6":{"Display":"New Grad (0-1 YOE)"},"7":{"Display":"Experienced Grad"},"9":{"Display":"Other"}},"ChoiceOrder":[1,2,3,4,5,6,7,"9"],"Validation":{"Settings":{"ForceResponse":"ON","ForceResponseType":"ON","Type":"None"}},"GradingData":[],"Language":[],"NextChoiceId":11,"NextAnswerId":1,"QuestionID":"QID59"}},{"SurveyID":"SV_2gI77ucHnkzYAwS","Element":"SQ","PrimaryAttribute":"QID6","SecondaryAttribute":"How acceptable or unacceptable do you consider each of the following actions during an interview?","TertiaryAttribute":null,"Payload":{"QuestionText":"How acceptable or unacceptable do you consider each of the following actions during an interview?","DefaultChoices":false,"DataExportTag":"Question 3","QuestionType":"Matrix","Selector":"Likert","SubSelector":"SingleAnswer","DataVisibility":{"Private":false,"Hidden":false},"Configuration":{"QuestionDescriptionOption":"UseText","TextPosition":"inline","ChoiceColumnWidth":25,"RepeatHeaders":"none","WhiteSpace":"OFF","MobileFirst":true},"QuestionDescription":"How acceptable or unacceptable do you consider each of the following actions during an interview?","Choices":{"1":{"Display":"Using AI tools during the interview"},"2":{"Display":"Using a search engine (e.g. Google) during the interview"},"3":{"Display":"Getting interview questions beforehand"},"4":{"Display":"Having someone else give live assist behind the scenes"},"5":{"Display":"Using handwritten notes for expected and common questions"},"6":{"Display":"Generating notes using AI tools"}},"ChoiceOrder":[1,2,3,4,5,6],"Validation":{"Settings":{"ForceResponse":"ON","ForceResponseType":"ON","Type":"None"}},"GradingData":[],"Language":[],"NextChoiceId":8,"NextAnswerId":7,"Answers":{"1":{"Display":"Completely Unacceptable"},"2":{"Display":"Somewhat Unacceptable"},"3":{"Display":"Neutral"},"4":{"Display":"Somewhat Acceptable"},"5":{"Display":"Acceptable"},"6":{"Display":"Unsure"}},"AnswerOrder":[1,2,3,4,5,6],"ChoiceDataExportTags":false,"QuestionID":"QID6","Randomization":{"Advanced":null,"TotalRandSubset":"","Type":"All"}}},{"SurveyID":"SV_2gI77ucHnkzYAwS","Element":"SQ","PrimaryAttribute":"QID7","SecondaryAttribute":"Please select the \"Yellow\" answer choice.","TertiaryAttribute":null,"Payload":{"QuestionText":"Please select the \"Yellow\" answer choice.","DefaultChoices":false,"DataExportTag":"Question 4","QuestionType":"MC","Selector":"SAVR","SubSelector":"TX","DataVisibility":{"Private":false,"Hidden":false},"Configuration":{"QuestionDescriptionOption":"UseText"},"QuestionDescription":"Please select the \"Yellow\" answer choice.","Choices":{"1":{"Display":"Red"},"2":{"Display":"Blue"},"3":{"Display":"Yellow"},"4":{"Display":"Green"}},"ChoiceOrder":[1,2,3,4],"Validation":{"Settings":{"ForceResponse":"ON","ForceResponseType":"ON","Type":"CustomValidation","CustomValidation":{"Logic":{"0":{"0":{"ChoiceLocator":"q:\/\/QID7\/SelectableChoice\/3","Description":"<span class=\"ConjDesc\">If<\/span> <span class=\"QuestionDesc\">Please select the \"Yellow\" answer choice.<\/span> <span class=\"LeftOpDesc\">Yellow<\/span> <span class=\"OpDesc\">Is Selected<\/span> ","LeftOperand":"q:\/\/QID7\/SelectableChoice\/3","LogicType":"Question","Operator":"Selected","QuestionID":"QID7","QuestionIDFromLocator":"QID7","QuestionIsInLoop":"no","Type":"Expression"},"Type":"If"},"Type":"BooleanExpression"},"Message":{"description":"Validation Failed","libraryID":"UR_9TbDAQeLx66XgQS","messageID":"MS_Qv8JgFRymGsrRos","subMessageID":"VE_VALIDATION_FAILED"}}}},"GradingData":[],"Language":[],"NextChoiceId":5,"NextAnswerId":1,"QuestionID":"QID7"}},{"SurveyID":"SV_2gI77ucHnkzYAwS","Element":"SQ","PrimaryAttribute":"QID8","SecondaryAttribute":"Rank these 8 choices from MOST LIKELY (1) to LEAST LIKELY (8) reasons why a job-seeking student m...","TertiaryAttribute":null,"Payload":{"QuestionText":"Rank these 8 choices from MOST LIKELY (1) to LEAST LIKELY (8) reasons why a job-seeking student might choose to cheat in an interview.","DefaultChoices":false,"DataExportTag":"Question 5a","QuestionID":"QID8","QuestionType":"RO","Selector":"DND","SubSelector":"TX","DataVisibility":{"Private":false,"Hidden":false},"Configuration":{"QuestionDescriptionOption":"UseText"},"QuestionDescription":"Rank these 8 choices from MOST LIKELY (1) to LEAST LIKELY (8) reasons why a job-seeking student m...","Choices":{"1":{"Display":"Desperation to find a job"},"2":{"Display":"High competition in the market"},"3":{"Display":"Lack of confidence"},"4":{"Display":"Unfair hiring process"},"5":{"Display":"Online interviews reduce risk of being caught"},"6":{"Display":"Cultural norms around academic or professional dishonesty"},"7":{"Display":"Lack of guidance on what is allowed vs. not allowed"},"8":{"Display":"Bandwagon because others are cheating"}},"ChoiceOrder":[1,2,3,4,5,6,7,8],"Validation":{"Settings":{"ForceResponse":"OFF","Type":"None"}},"GradingData":[],"Language":[],"NextChoiceId":9,"NextAnswerId":1}},{"SurveyID":"SV_2gI77ucHnkzYAwS","Element":"STAT","PrimaryAttribute":"Survey Statistics","SecondaryAttribute":null,"TertiaryAttribute":null,"Payload":{"MobileCompatible":true,"ID":"Survey Statistics"}}]}